
Microsoft Visual Studio Solution File, Format Version 12.00
# Visual Studio Version 17
VisualStudioVersion = 17.11.35312.102
MinimumVisualStudioVersion = 10.0.40219.1
Project("{FAE04EC0-301F-11D3-BF4B-00C04F79EFBC}") = "ConsoleApp5", "ConsoleApp5\ConsoleApp5.csproj", "{CEEAD005-356E-4D4E-8D55-7C2E9A8FE194}"
EndProject
Global
	GlobalSection(SolutionConfigurationPlatforms) = preSolution
		Debug|Any CPU = Debug|Any CPU
		Release|Any CPU = Release|Any CPU
	EndGlobalSection
	GlobalSection(ProjectConfigurationPlatforms) = postSolution
		{CEEAD005-356E-4D4E-8D55-7C2E9A8FE194}.Debug|Any CPU.ActiveCfg = Debug|Any CPU
		{CEEAD005-356E-4D4E-8D55-7C2E9A8FE194}.Debug|Any CPU.Build.0 = Debug|Any CPU
		{CEEAD005-356E-4D4E-8D55-7C2E9A8FE194}.Release|Any CPU.ActiveCfg = Release|Any CPU
		{CEEAD005-356E-4D4E-8D55-7C2E9A8FE194}.Release|Any CPU.Build.0 = Release|Any CPU
	EndGlobalSection
	GlobalSection(SolutionProperties) = preSolution
		HideSolutionNode = FALSE
	EndGlobalSection
	GlobalSection(ExtensibilityGlobals) = postSolution
		SolutionGuid = {3E40816E-3FC1-4DDE-8E5B-F25D7ACA1CD5}
	EndGlobalSection
EndGlobal
